
Microsoft Visual Studio Solution File, Format Version 12.00
# Visual Studio 15
VisualStudioVersion = 15.0.27703.2042
MinimumVisualStudioVersion = 10.0.40219.1
Project("{FAE04EC0-301F-11D3-BF4B-00C04F79EFBC}") = "App2.Android", "App2\App2.Android\App2.Android.csproj", "{EC79EC07-D63E-4DC7-AFE4-B6DBF9E1BBFD}"
EndProject
Project("{FAE04EC0-301F-11D3-BF4B-00C04F79EFBC}") = "App2.iOS", "App2\App2.iOS\App2.iOS.csproj", "{1CDC5BE6-7BFF-4C59-A0AF-F54547670E7B}"
EndProject
Project("{FAE04EC0-301F-11D3-BF4B-00C04F79EFBC}") = "App2", "App2\App2\App2.csproj", "{75B9257C-78F9-4CB6-9F1A-ED45CE9E5C22}"
EndProject
Global
	GlobalSection(SolutionConfigurationPlatforms) = preSolution
		Ad-Hoc|Any CPU = Ad-Hoc|Any CPU
		Ad-Hoc|iPhone = Ad-Hoc|iPhone
		Ad-Hoc|iPhoneSimulator = Ad-Hoc|iPhoneSimulator
		AppStore|Any CPU = AppStore|Any CPU
		AppStore|iPhone = AppStore|iPhone
		AppStore|iPhoneSimulator = AppStore|iPhoneSimulator
		Debug|Any CPU = Debug|Any CPU
		Debug|iPhone = Debug|iPhone
		Debug|iPhoneSimulator = Debug|iPhoneSimulator
		Release|Any CPU = Release|Any CPU
		Release|iPhone = Release|iPhone
		Release|iPhoneSimulator = Release|iPhoneSimulator
	EndGlobalSection
	GlobalSection(ProjectConfigurationPlatforms) = postSolution
		{EC79EC07-D63E-4DC7-AFE4-B6DBF9E1BBFD}.Ad-Hoc|Any CPU.ActiveCfg = Release|Any CPU
		{EC79EC07-D63E-4DC7-AFE4-B6DBF9E1BBFD}.Ad-Hoc|Any CPU.Build.0 = Release|Any CPU
		{EC79EC07-D63E-4DC7-AFE4-B6DBF9E1BBFD}.Ad-Hoc|Any CPU.Deploy.0 = Release|Any CPU
		{EC79EC07-D63E-4DC7-AFE4-B6DBF9E1BBFD}.Ad-Hoc|iPhone.ActiveCfg = Release|Any CPU
		{EC79EC07-D63E-4DC7-AFE4-B6DBF9E1BBFD}.Ad-Hoc|iPhone.Build.0 = Release|Any CPU
		{EC79EC07-D63E-4DC7-AFE4-B6DBF9E1BBFD}.Ad-Hoc|iPhone.Deploy.0 = Release|Any CPU
		{EC79EC07-D63E-4DC7-AFE4-B6DBF9E1BBFD}.Ad-Hoc|iPhoneSimulator.ActiveCfg = Release|Any CPU
		{EC79EC07-D63E-4DC7-AFE4-B6DBF9E1BBFD}.Ad-Hoc|iPhoneSimulator.Build.0 = Release|Any CPU
		{EC79EC07-D63E-4DC7-AFE4-B6DBF9E1BBFD}.Ad-Hoc|iPhoneSimulator.Deploy.0 = Release|Any CPU
		{EC79EC07-D63E-4DC7-AFE4-B6DBF9E1BBFD}.AppStore|Any CPU.ActiveCfg = Release|Any CPU
		{EC79EC07-D63E-4DC7-AFE4-B6DBF9E1BBFD}.AppStore|Any CPU.Build.0 = Release|Any CPU
		{EC79EC07-D63E-4DC7-AFE4-B6DBF9E1BBFD}.AppStore|Any CPU.Deploy.0 = Release|Any CPU
		{EC79EC07-D63E-4DC7-AFE4-B6DBF9E1BBFD}.AppStore|iPhone.ActiveCfg = Release|Any CPU
		{EC79EC07-D63E-4DC7-AFE4-B6DBF9E1BBFD}.AppStore|iPhone.Build.0 = Release|Any CPU
		{EC79EC07-D63E-4DC7-AFE4-B6DBF9E1BBFD}.AppStore|iPhone.Deploy.0 = Release|Any CPU
		{EC79EC07-D63E-4DC7-AFE4-B6DBF9E1BBFD}.AppStore|iPhoneSimulator.ActiveCfg = Release|Any CPU
		{EC79EC07-D63E-4DC7-AFE4-B6DBF9E1BBFD}.AppStore|iPhoneSimulator.Build.0 = Release|Any CPU
		{EC79EC07-D63E-4DC7-AFE4-B6DBF9E1BBFD}.AppStore|iPhoneSimulator.Deploy.0 = Release|Any CPU
		{EC79EC07-D63E-4DC7-AFE4-B6DBF9E1BBFD}.Debug|Any CPU.ActiveCfg = Debug|Any CPU
		{EC79EC07-D63E-4DC7-AFE4-B6DBF9E1BBFD}.Debug|Any CPU.Build.0 = Debug|Any CPU
		{EC79EC07-D63E-4DC7-AFE4-B6DBF9E1BBFD}.Debug|Any CPU.Deploy.0 = Debug|Any CPU
		{EC79EC07-D63E-4DC7-AFE4-B6DBF9E1BBFD}.Debug|iPhone.ActiveCfg = Debug|Any CPU
		{EC79EC07-D63E-4DC7-AFE4-B6DBF9E1BBFD}.Debug|iPhone.Build.0 = Debug|Any CPU
		{EC79EC07-D63E-4DC7-AFE4-B6DBF9E1BBFD}.Debug|iPhone.Deploy.0 = Debug|Any CPU
		{EC79EC07-D63E-4DC7-AFE4-B6DBF9E1BBFD}.Debug|iPhoneSimulator.ActiveCfg = Debug|Any CPU
		{EC79EC07-D63E-4DC7-AFE4-B6DBF9E1BBFD}.Debug|iPhoneSimulator.Build.0 = Debug|Any CPU
		{EC79EC07-D63E-4DC7-AFE4-B6DBF9E1BBFD}.Debug|iPhoneSimulator.Deploy.0 = Debug|Any CPU
		{EC79EC07-D63E-4DC7-AFE4-B6DBF9E1BBFD}.Release|Any CPU.ActiveCfg = Release|Any CPU
		{EC79EC07-D63E-4DC7-AFE4-B6DBF9E1BBFD}.Release|Any CPU.Build.0 = Release|Any CPU
		{EC79EC07-D63E-4DC7-AFE4-B6DBF9E1BBFD}.Release|Any CPU.Deploy.0 = Release|Any CPU
		{EC79EC07-D63E-4DC7-AFE4-B6DBF9E1BBFD}.Release|iPhone.ActiveCfg = Release|Any CPU
		{EC79EC07-D63E-4DC7-AFE4-B6DBF9E1BBFD}.Release|iPhone.Build.0 = Release|Any CPU
		{EC79EC07-D63E-4DC7-AFE4-B6DBF9E1BBFD}.Release|iPhone.Deploy.0 = Release|Any CPU
		{EC79EC07-D63E-4DC7-AFE4-B6DBF9E1BBFD}.Release|iPhoneSimulator.ActiveCfg = Release|Any CPU
		{EC79EC07-D63E-4DC7-AFE4-B6DBF9E1BBFD}.Release|iPhoneSimulator.Build.0 = Release|Any CPU
		{EC79EC07-D63E-4DC7-AFE4-B6DBF9E1BBFD}.Release|iPhoneSimulator.Deploy.0 = Release|Any CPU
		{1CDC5BE6-7BFF-4C59-A0AF-F54547670E7B}.Ad-Hoc|Any CPU.ActiveCfg = Ad-Hoc|iPhone
		{1CDC5BE6-7BFF-4C59-A0AF-F54547670E7B}.Ad-Hoc|Any CPU.Build.0 = Ad-Hoc|iPhone
		{1CDC5BE6-7BFF-4C59-A0AF-F54547670E7B}.Ad-Hoc|Any CPU.Deploy.0 = Ad-Hoc|iPhone
		{1CDC5BE6-7BFF-4C59-A0AF-F54547670E7B}.Ad-Hoc|iPhone.ActiveCfg = Ad-Hoc|iPhone
		{1CDC5BE6-7BFF-4C59-A0AF-F54547670E7B}.Ad-Hoc|iPhone.Build.0 = Ad-Hoc|iPhone
		{1CDC5BE6-7BFF-4C59-A0AF-F54547670E7B}.Ad-Hoc|iPhone.Deploy.0 = Ad-Hoc|iPhone
		{1CDC5BE6-7BFF-4C59-A0AF-F54547670E7B}.Ad-Hoc|iPhoneSimulator.ActiveCfg = Ad-Hoc|iPhoneSimulator
		{1CDC5BE6-7BFF-4C59-A0AF-F54547670E7B}.Ad-Hoc|iPhoneSimulator.Build.0 = Ad-Hoc|iPhoneSimulator
		{1CDC5BE6-7BFF-4C59-A0AF-F54547670E7B}.Ad-Hoc|iPhoneSimulator.Deploy.0 = Ad-Hoc|iPhoneSimulator
		{1CDC5BE6-7BFF-4C59-A0AF-F54547670E7B}.AppStore|Any CPU.ActiveCfg = AppStore|iPhone
		{1CDC5BE6-7BFF-4C59-A0AF-F54547670E7B}.AppStore|Any CPU.Build.0 = AppStore|iPhone
		{1CDC5BE6-7BFF-4C59-A0AF-F54547670E7B}.AppStore|Any CPU.Deploy.0 = AppStore|iPhone
		{1CDC5BE6-7BFF-4C59-A0AF-F54547670E7B}.AppStore|iPhone.ActiveCfg = AppStore|iPhone
		{1CDC5BE6-7BFF-4C59-A0AF-F54547670E7B}.AppStore|iPhone.Build.0 = AppStore|iPhone
		{1CDC5BE6-7BFF-4C59-A0AF-F54547670E7B}.AppStore|iPhone.Deploy.0 = AppStore|iPhone
		{1CDC5BE6-7BFF-4C59-A0AF-F54547670E7B}.AppStore|iPhoneSimulator.ActiveCfg = AppStore|iPhoneSimulator
		{1CDC5BE6-7BFF-4C59-A0AF-F54547670E7B}.AppStore|iPhoneSimulator.Build.0 = AppStore|iPhoneSimulator
		{1CDC5BE6-7BFF-4C59-A0AF-F54547670E7B}.AppStore|iPhoneSimulator.Deploy.0 = AppStore|iPhoneSimulator
		{1CDC5BE6-7BFF-4C59-A0AF-F54547670E7B}.Debug|Any CPU.ActiveCfg = Debug|iPhoneSimulator
		{1CDC5BE6-7BFF-4C59-A0AF-F54547670E7B}.Debug|Any CPU.Build.0 = Debug|iPhoneSimulator
		{1CDC5BE6-7BFF-4C59-A0AF-F54547670E7B}.Debug|Any CPU.Deploy.0 = Debug|iPhoneSimulator
		{1CDC5BE6-7BFF-4C59-A0AF-F54547670E7B}.Debug|iPhone.ActiveCfg = Debug|iPhone
		{1CDC5BE6-7BFF-4C59-A0AF-F54547670E7B}.Debug|iPhone.Build.0 = Debug|iPhone
		{1CDC5BE6-7BFF-4C59-A0AF-F54547670E7B}.Debug|iPhone.Deploy.0 = Debug|iPhone
		{1CDC5BE6-7BFF-4C59-A0AF-F54547670E7B}.Debug|iPhoneSimulator.ActiveCfg = Debug|iPhoneSimulator
		{1CDC5BE6-7BFF-4C59-A0AF-F54547670E7B}.Debug|iPhoneSimulator.Build.0 = Debug|iPhoneSimulator
		{1CDC5BE6-7BFF-4C59-A0AF-F54547670E7B}.Debug|iPhoneSimulator.Deploy.0 = Debug|iPhoneSimulator
		{1CDC5BE6-7BFF-4C59-A0AF-F54547670E7B}.Release|Any CPU.ActiveCfg = Release|iPhone
		{1CDC5BE6-7BFF-4C59-A0AF-F54547670E7B}.Release|Any CPU.Build.0 = Release|iPhone
		{1CDC5BE6-7BFF-4C59-A0AF-F54547670E7B}.Release|Any CPU.Deploy.0 = Release|iPhone
		{1CDC5BE6-7BFF-4C59-A0AF-F54547670E7B}.Release|iPhone.ActiveCfg = Release|iPhone
		{1CDC5BE6-7BFF-4C59-A0AF-F54547670E7B}.Release|iPhone.Build.0 = Release|iPhone
		{1CDC5BE6-7BFF-4C59-A0AF-F54547670E7B}.Release|iPhone.Deploy.0 = Release|iPhone
		{1CDC5BE6-7BFF-4C59-A0AF-F54547670E7B}.Release|iPhoneSimulator.ActiveCfg = Release|iPhoneSimulator
		{1CDC5BE6-7BFF-4C59-A0AF-F54547670E7B}.Release|iPhoneSimulator.Build.0 = Release|iPhoneSimulator
		{1CDC5BE6-7BFF-4C59-A0AF-F54547670E7B}.Release|iPhoneSimulator.Deploy.0 = Release|iPhoneSimulator
		{75B9257C-78F9-4CB6-9F1A-ED45CE9E5C22}.Ad-Hoc|Any CPU.ActiveCfg = Debug|Any CPU
		{75B9257C-78F9-4CB6-9F1A-ED45CE9E5C22}.Ad-Hoc|Any CPU.Build.0 = Debug|Any CPU
		{75B9257C-78F9-4CB6-9F1A-ED45CE9E5C22}.Ad-Hoc|Any CPU.Deploy.0 = Debug|Any CPU
		{75B9257C-78F9-4CB6-9F1A-ED45CE9E5C22}.Ad-Hoc|iPhone.ActiveCfg = Debug|Any CPU
		{75B9257C-78F9-4CB6-9F1A-ED45CE9E5C22}.Ad-Hoc|iPhone.Build.0 = Debug|Any CPU
		{75B9257C-78F9-4CB6-9F1A-ED45CE9E5C22}.Ad-Hoc|iPhone.Deploy.0 = Debug|Any CPU
		{75B9257C-78F9-4CB6-9F1A-ED45CE9E5C22}.Ad-Hoc|iPhoneSimulator.ActiveCfg = Debug|Any CPU
		{75B9257C-78F9-4CB6-9F1A-ED45CE9E5C22}.Ad-Hoc|iPhoneSimulator.Build.0 = Debug|Any CPU
		{75B9257C-78F9-4CB6-9F1A-ED45CE9E5C22}.Ad-Hoc|iPhoneSimulator.Deploy.0 = Debug|Any CPU
		{75B9257C-78F9-4CB6-9F1A-ED45CE9E5C22}.AppStore|Any CPU.ActiveCfg = Debug|Any CPU
		{75B9257C-78F9-4CB6-9F1A-ED45CE9E5C22}.AppStore|Any CPU.Build.0 = Debug|Any CPU
		{75B9257C-78F9-4CB6-9F1A-ED45CE9E5C22}.AppStore|Any CPU.Deploy.0 = Debug|Any CPU
		{75B9257C-78F9-4CB6-9F1A-ED45CE9E5C22}.AppStore|iPhone.ActiveCfg = Debug|Any CPU
		{75B9257C-78F9-4CB6-9F1A-ED45CE9E5C22}.AppStore|iPhone.Build.0 = Debug|Any CPU
		{75B9257C-78F9-4CB6-9F1A-ED45CE9E5C22}.AppStore|iPhone.Deploy.0 = Debug|Any CPU
		{75B9257C-78F9-4CB6-9F1A-ED45CE9E5C22}.AppStore|iPhoneSimulator.ActiveCfg = Debug|Any CPU
		{75B9257C-78F9-4CB6-9F1A-ED45CE9E5C22}.AppStore|iPhoneSimulator.Build.0 = Debug|Any CPU
		{75B9257C-78F9-4CB6-9F1A-ED45CE9E5C22}.AppStore|iPhoneSimulator.Deploy.0 = Debug|Any CPU
		{75B9257C-78F9-4CB6-9F1A-ED45CE9E5C22}.Debug|Any CPU.ActiveCfg = Debug|Any CPU
		{75B9257C-78F9-4CB6-9F1A-ED45CE9E5C22}.Debug|Any CPU.Build.0 = Debug|Any CPU
		{75B9257C-78F9-4CB6-9F1A-ED45CE9E5C22}.Debug|Any CPU.Deploy.0 = Debug|Any CPU
		{75B9257C-78F9-4CB6-9F1A-ED45CE9E5C22}.Debug|iPhone.ActiveCfg = Debug|Any CPU
		{75B9257C-78F9-4CB6-9F1A-ED45CE9E5C22}.Debug|iPhone.Build.0 = Debug|Any CPU
		{75B9257C-78F9-4CB6-9F1A-ED45CE9E5C22}.Debug|iPhone.Deploy.0 = Debug|Any CPU
		{75B9257C-78F9-4CB6-9F1A-ED45CE9E5C22}.Debug|iPhoneSimulator.ActiveCfg = Debug|Any CPU
		{75B9257C-78F9-4CB6-9F1A-ED45CE9E5C22}.Debug|iPhoneSimulator.Build.0 = Debug|Any CPU
		{75B9257C-78F9-4CB6-9F1A-ED45CE9E5C22}.Debug|iPhoneSimulator.Deploy.0 = Debug|Any CPU
		{75B9257C-78F9-4CB6-9F1A-ED45CE9E5C22}.Release|Any CPU.ActiveCfg = Release|Any CPU
		{75B9257C-78F9-4CB6-9F1A-ED45CE9E5C22}.Release|Any CPU.Build.0 = Release|Any CPU
		{75B9257C-78F9-4CB6-9F1A-ED45CE9E5C22}.Release|Any CPU.Deploy.0 = Release|Any CPU
		{75B9257C-78F9-4CB6-9F1A-ED45CE9E5C22}.Release|iPhone.ActiveCfg = Release|Any CPU
		{75B9257C-78F9-4CB6-9F1A-ED45CE9E5C22}.Release|iPhone.Build.0 = Release|Any CPU
		{75B9257C-78F9-4CB6-9F1A-ED45CE9E5C22}.Release|iPhone.Deploy.0 = Release|Any CPU
		{75B9257C-78F9-4CB6-9F1A-ED45CE9E5C22}.Release|iPhoneSimulator.ActiveCfg = Release|Any CPU
		{75B9257C-78F9-4CB6-9F1A-ED45CE9E5C22}.Release|iPhoneSimulator.Build.0 = Release|Any CPU
		{75B9257C-78F9-4CB6-9F1A-ED45CE9E5C22}.Release|iPhoneSimulator.Deploy.0 = Release|Any CPU
	EndGlobalSection
	GlobalSection(SolutionProperties) = preSolution
		HideSolutionNode = FALSE
	EndGlobalSection
	GlobalSection(ExtensibilityGlobals) = postSolution
		SolutionGuid = {34385223-C144-4E25-B68D-BB61D68C96AF}
	EndGlobalSection
EndGlobal
